{
  "name": "elemental-pay",
  "version": "1.0.0",
  "lockfileVersion": 2,
  "requires": true,
  "packages": {
    "": {
      "name": "elemental-pay",
      "version": "1.0.0",
      "license": "ISC"
    },
    "packages/api": {
      "name": "@elemental-pay/api",
      "version": "0.0.1",
      "extraneous": true,
      "license": "ISC",
      "dependencies": {
        "@graphql-tools/merge": "^8.3.6",
        "@graphql-tools/schema": "^9.0.4",
        "argon2": "^0.29.1",
        "cors": "^2.8.5",
        "date-fns": "^2.29.2",
        "elemental-orm": "0.0.5-beta.2",
        "express-graphql": "^0.12.0",
        "express-oauth-server": "^2.0.0",
        "graphql": "^16.6.0",
        "graphql-fields": "^2.0.3",
        "graphql-scalars": "^1.18.0",
        "helmet": "^6.0.0",
        "ioredis": "^5.2.3",
        "joi": "^17.6.3",
        "loglevel": "^1.8.0",
        "nanoid": "^4.0.0",
        "node-fetch": "^2.6.7",
        "nodemailer": "^6.8.0",
        "pg-promise": "^10.12.0",
        "rate-limiter-flexible": "^2.3.11",
        "redis-om": "^0.3.6"
      },
      "devDependencies": {
        "@types/express": "^4.17.13",
        "@types/express-graphql": "^0.9.0",
        "@types/node": "^18.7.16",
        "@types/node-fetch": "^2.6.2",
        "@types/nodemailer": "^6.4.6",
        "dotenv": "^16.0.2",
        "nodemon": "^2.0.19",
        "npm-run-all": "^4.1.5",
        "tape": "^5.6.1",
        "typescript": "^4.8.3"
      }
    },
    "packages/components": {
      "name": "@elemental-pay/components",
      "version": "0.0.1-beta.1",
      "extraneous": true,
      "license": "ISC",
      "devDependencies": {
        "@elemental-zcash/components": "0.0.3",
        "@types/react": "^18.0.15",
        "elemental-react": "^0.4.0-beta.4",
        "react": "^18.2.0",
        "typescript": "^4.7.4"
      },
      "peerDependencies": {
        "@elemental-zcash/components": "^0.0.1",
        "elemental-react": "^0.0.1",
        "react": "^16.0 || ^17.0 || ^18.0"
      }
    },
    "packages/native": {
      "name": "@elemental-pay/native",
      "version": "0.0.1",
      "extraneous": true,
      "license": "ISC"
    },
    "packages/pay-server": {
      "name": "@elemental-pay/server",
      "version": "0.0.1",
      "extraneous": true,
      "license": "MIT"
    },
    "packages/sketch": {
      "name": "@elemental-pay/sketch",
      "version": "0.0.1",
      "extraneous": true,
      "license": "ISC"
    },
    "packages/web": {
      "name": "@elemental-pay/web",
      "version": "0.0.1",
      "extraneous": true,
      "license": "ISC",
      "dependencies": {
        "@apollo/client": "^3.7.0",
        "@elemental-design/material-color-utilities": "^0.2.0-beta.0",
        "@elemental-pay/components": "^0.0.1-beta.1",
        "@elemental-zcash/components": "0.0.3",
        "@elemental-zcash/icons": "0.0.1-beta.1",
        "@react-platform/core": "0.0.3",
        "@react-platform/native": "0.0.3",
        "@react-platform/svg": "0.0.1",
        "elemental-color": "0.0.6-beta.3",
        "elemental-react": "^0.4.1",
        "formik": "^2.2.9",
        "graphql": "^16.6.0",
        "nanoid": "^4.0.2",
        "next": "^13.3.0",
        "next-transpile-modules": "^10.0.0",
        "react": "^18.2.0",
        "react-dom": "^18.2.0",
        "react-native-web": "^0.15.1",
        "react-primitives": "^0.8.1",
        "react-primitives-svg": "0.0.3",
        "react-query": "^3.39.2",
        "react-select": "^5.4.0",
        "styled-components": "^5.3.5",
        "styled-system": "^5.1.5",
        "webfontloader": "^1.6.28",
        "yup": "^0.32.11"
      },
      "devDependencies": {
        "@types/graphql": "^14.5.0",
        "@types/node": "^18.7.15",
        "@types/react": "^18.0.18",
        "apollo": "^2.34.0",
        "dotenv": "^16.0.3",
        "typescript": "^4.8.2"
      }
    }
  }
}
